{
  "name": "calculator",
  "version": "1.0.0",
  "lockfileVersion": 3,
  "requires": true,
  "packages": {
    "": {
      "name": "calculator",
      "version": "1.0.0",
      "license": "ISC",
      "dependencies": {
        "superscript-text": "^1.0.0"
      }
    },
    "node_modules/superscript-text": {
      "version": "1.0.0",
      "resolved": "https://registry.npmjs.org/superscript-text/-/superscript-text-1.0.0.tgz",
      "integrity": "sha512-gwu8l5MtRZ6koO0icVTlmN5pm7Dhh1+Xpe9O4x6ObMAsW+3jPbW14d1DsBq1F4wiI+WOFjXF35pslgec/G8yCQ=="
    }
  }
}
